
Microsoft Visual Studio Solution File, Format Version 12.00
# Visual Studio Version 16
VisualStudioVersion = 16.0.31702.278
MinimumVisualStudioVersion = 10.0.40219.1
Project("{FAE04EC0-301F-11D3-BF4B-00C04F79EFBC}") = "Rekenmachien", "Rekenmachien\Rekenmachien.csproj", "{ECE1A842-9EB1-48FD-A909-16ADAB70E95B}"
EndProject
Global
	GlobalSection(SolutionConfigurationPlatforms) = preSolution
		Debug|Any CPU = Debug|Any CPU
		Release|Any CPU = Release|Any CPU
	EndGlobalSection
	GlobalSection(ProjectConfigurationPlatforms) = postSolution
		{ECE1A842-9EB1-48FD-A909-16ADAB70E95B}.Debug|Any CPU.ActiveCfg = Debug|Any CPU
		{ECE1A842-9EB1-48FD-A909-16ADAB70E95B}.Debug|Any CPU.Build.0 = Debug|Any CPU
		{ECE1A842-9EB1-48FD-A909-16ADAB70E95B}.Release|Any CPU.ActiveCfg = Release|Any CPU
		{ECE1A842-9EB1-48FD-A909-16ADAB70E95B}.Release|Any CPU.Build.0 = Release|Any CPU
	EndGlobalSection
	GlobalSection(SolutionProperties) = preSolution
		HideSolutionNode = FALSE
	EndGlobalSection
	GlobalSection(ExtensibilityGlobals) = postSolution
		SolutionGuid = {592961C8-3E5B-4CD7-92C1-B38B7A7CFF94}
	EndGlobalSection
EndGlobal
